
Microsoft Visual Studio Solution File, Format Version 12.00
# Visual Studio Version 17
VisualStudioVersion = 17.5.33627.172
MinimumVisualStudioVersion = 10.0.40219.1
Project("{FAE04EC0-301F-11D3-BF4B-00C04F79EFBC}") = "EncontrarElementoMajoritario.App", "EncontrarElementoMajoritario.App.csproj", "{7348DBD7-0587-4514-8D34-E34F826ED341}"
EndProject
Global
	GlobalSection(SolutionConfigurationPlatforms) = preSolution
		Debug|Any CPU = Debug|Any CPU
		Release|Any CPU = Release|Any CPU
	EndGlobalSection
	GlobalSection(ProjectConfigurationPlatforms) = postSolution
		{7348DBD7-0587-4514-8D34-E34F826ED341}.Debug|Any CPU.ActiveCfg = Debug|Any CPU
		{7348DBD7-0587-4514-8D34-E34F826ED341}.Debug|Any CPU.Build.0 = Debug|Any CPU
		{7348DBD7-0587-4514-8D34-E34F826ED341}.Release|Any CPU.ActiveCfg = Release|Any CPU
		{7348DBD7-0587-4514-8D34-E34F826ED341}.Release|Any CPU.Build.0 = Release|Any CPU
	EndGlobalSection
	GlobalSection(SolutionProperties) = preSolution
		HideSolutionNode = FALSE
	EndGlobalSection
	GlobalSection(ExtensibilityGlobals) = postSolution
		SolutionGuid = {744BECAC-5081-4682-9C3D-219A7CE99123}
	EndGlobalSection
EndGlobal
